github.com/tomatocuke/sieve v0.0.0-20230212141052-86d98559447c h1:m/KOcSht47GMuXYYvmpAHNfESyhpABOtotCtbe3Zn+4=
github.com/tomatocuke/sieve v0.0.0-20230212141052-86d98559447c/go.mod h1:lWdJOPdCLx69eOzzXYcHlO8k9lEY2RcoqSa/xUEGsrI=
github.com/tomatocuke/sieve v0.0.0-20230212153109-1ee2385c6b70 h1:U1WvBKbUeO9Zl0HGHmCDHLWJzOHZsK6i13A3g2wavmY=
github.com/tomatocuke/sieve v0.0.0-20230212153109-1ee2385c6b70/go.mod h1:lWdJOPdCLx69eOzzXYcHlO8k9lEY2RcoqSa/xUEGsrI=
