github.com/tomatocuke/sieve v0.0.0-20230212170617-d6007e97d609 h1:bCqaM+y/IYj52dI/Zp6QlXDZ6kyrx3Nk2gzpVAgHlOw=
github.com/tomatocuke/sieve v0.0.0-20230212170617-d6007e97d609/go.mod h1:lWdJOPdCLx69eOzzXYcHlO8k9lEY2RcoqSa/xUEGsrI=
github.com/tomatocuke/sieve v0.0.0-20230213094021-740df0bb9ccb h1:CikFdWKPlUvomLpEP80jSAwTGV3s5MObs1pBe9nKMLY=
github.com/tomatocuke/sieve v0.0.0-20230213094021-740df0bb9ccb/go.mod h1:lWdJOPdCLx69eOzzXYcHlO8k9lEY2RcoqSa/xUEGsrI=
github.com/tomatocuke/sieve v0.0.0-20230213101519-d1ed659d7227 h1:WHS65rZJ/L9e0XYBBZQxny0zMiimM/VDvtIO4aEusM0=
github.com/tomatocuke/sieve v0.0.0-20230213101519-d1ed659d7227/go.mod h1:lWdJOPdCLx69eOzzXYcHlO8k9lEY2RcoqSa/xUEGsrI=
github.com/tomatocuke/sieve v0.0.0-20230214050111-c2a0441edcdf h1:rjpS5iXMjNtupuixojX9UXGzLdJLVDfXbObAmuJibm4=
github.com/tomatocuke/sieve v0.0.0-20230214050111-c2a0441edcdf/go.mod h1:lWdJOPdCLx69eOzzXYcHlO8k9lEY2RcoqSa/xUEGsrI=
